{
  "pins" : [
    {
      "identity" : "wikipedia-ios-data",
      "kind" : "remoteSourceControl",
      "location" : "https://github.com/wikimedia/wikipedia-ios-data.git",
      "state" : {
        "branch" : "watchlist-api-1",
        "revision" : "d3feae0f5365d048b7c433f2be84a7e93e8ec106"
      }
    }
  ],
  "version" : 2
}
