{
  "pins" : [
    {
      "identity" : "wikipedia-ios-data",
      "kind" : "remoteSourceControl",
      "location" : "https://github.com/wikimedia/wikipedia-ios-data.git",
      "state" : {
        "branch" : "watchlist-api-1",
        "revision" : "59d9af8a48f979288c00cf1dbf53ed5d5c69a500"
      }
    }
  ],
  "version" : 2
}
