{
  "pins" : [
    {
      "identity" : "wikipedia-ios-data",
      "kind" : "remoteSourceControl",
      "location" : "https://github.com/wikimedia/wikipedia-ios-data.git",
      "state" : {
        "branch" : "diff-undo-rollback-tweaks",
        "revision" : "ceb49b6f320b8e95e829fca416ca48dc324208bd"
      }
    }
  ],
  "version" : 2
}
