{
  "pins" : [
    {
      "identity" : "wikipedia-ios-data",
      "kind" : "remoteSourceControl",
      "location" : "https://github.com/wikimedia/wikipedia-ios-data.git",
      "state" : {
        "branch" : "demo-empty-watchlist",
        "revision" : "5e91ecfd9b0639d93529292ba13180bb950dbb62"
      }
    }
  ],
  "version" : 2
}
