// !$*UTF8*$!
{
	archiveVersion = 1;
	classes = {
	};
	objectVersion = 56;
	objects = {

/* Begin PBXBuildFile section */
		6751A430299DDB07008D120F /* Feature1View.swift in Sources */ = {isa = PBXBuildFile; fileRef = 6751A42C299DDB07008D120F /* Feature1View.swift */; };
		6751A431299DDB07008D120F /* Feature1ItemViewModel.swift in Sources */ = {isa = PBXBuildFile; fileRef = 6751A42D299DDB07008D120F /* Feature1ItemViewModel.swift */; };
		6751A432299DDB07008D120F /* Feature1ViewController.swift in Sources */ = {isa = PBXBuildFile; fileRef = 6751A42E299DDB07008D120F /* Feature1ViewController.swift */; };
		6751A433299DDB07008D120F /* Feature1ViewModel.swift in Sources */ = {isa = PBXBuildFile; fileRef = 6751A42F299DDB07008D120F /* Feature1ViewModel.swift */; };
		6751A436299DDB11008D120F /* FeatureFetcher.swift in Sources */ = {isa = PBXBuildFile; fileRef = 6751A434299DDB11008D120F /* FeatureFetcher.swift */; };
		6751A437299DDB11008D120F /* FeatureStartViewController.swift in Sources */ = {isa = PBXBuildFile; fileRef = 6751A435299DDB11008D120F /* FeatureStartViewController.swift */; };
		6751A439299DDCE3008D120F /* ThemeableNavigationController.swift in Sources */ = {isa = PBXBuildFile; fileRef = 6751A438299DDCE3008D120F /* ThemeableNavigationController.swift */; };
		6751A43B299DDD88008D120F /* UINavigationBarAppearance+Extensions.swift in Sources */ = {isa = PBXBuildFile; fileRef = 6751A43A299DDD88008D120F /* UINavigationBarAppearance+Extensions.swift */; };
		6751A43F299DE54C008D120F /* Feature2View.swift in Sources */ = {isa = PBXBuildFile; fileRef = 6751A43E299DE54C008D120F /* Feature2View.swift */; };
		6751A441299DE5B6008D120F /* Feature2HostingController.swift in Sources */ = {isa = PBXBuildFile; fileRef = 6751A440299DE5B6008D120F /* Feature2HostingController.swift */; };
		6751A443299DE757008D120F /* NavigationBarHidingHostingViewController.swift in Sources */ = {isa = PBXBuildFile; fileRef = 6751A442299DE757008D120F /* NavigationBarHidingHostingViewController.swift */; };
		6751A445299DF109008D120F /* Data2View.swift in Sources */ = {isa = PBXBuildFile; fileRef = 6751A444299DF109008D120F /* Data2View.swift */; };
		6751A447299DF163008D120F /* Error2View.swift in Sources */ = {isa = PBXBuildFile; fileRef = 6751A446299DF163008D120F /* Error2View.swift */; };
		6751A449299DF19C008D120F /* Empty2View.swift in Sources */ = {isa = PBXBuildFile; fileRef = 6751A448299DF19C008D120F /* Empty2View.swift */; };
		6751A44B299DF1DA008D120F /* Loading2View.swift in Sources */ = {isa = PBXBuildFile; fileRef = 6751A44A299DF1DA008D120F /* Loading2View.swift */; };
		6771E7AE299C00050012002D /* AppDelegate.swift in Sources */ = {isa = PBXBuildFile; fileRef = 6771E7AD299C00050012002D /* AppDelegate.swift */; };
		6771E7B0299C00050012002D /* SceneDelegate.swift in Sources */ = {isa = PBXBuildFile; fileRef = 6771E7AF299C00050012002D /* SceneDelegate.swift */; };
		6771E7B7299C00060012002D /* Assets.xcassets in Resources */ = {isa = PBXBuildFile; fileRef = 6771E7B6299C00060012002D /* Assets.xcassets */; };
		6771E7BA299C00060012002D /* LaunchScreen.storyboard in Resources */ = {isa = PBXBuildFile; fileRef = 6771E7B8299C00060012002D /* LaunchScreen.storyboard */; };
		6771E7C4299C007A0012002D /* UIComponents in Frameworks */ = {isa = PBXBuildFile; productRef = 6771E7C3299C007A0012002D /* UIComponents */; };
		67C8E9CE299D3E4500B28440 /* SettingsViewController.swift in Sources */ = {isa = PBXBuildFile; fileRef = 67C8E9CD299D3E4500B28440 /* SettingsViewController.swift */; };
		67C8E9D0299D563400B28440 /* Data1View.swift in Sources */ = {isa = PBXBuildFile; fileRef = 67C8E9CF299D563400B28440 /* Data1View.swift */; };
		67C8E9D2299D565700B28440 /* Error1View.swift in Sources */ = {isa = PBXBuildFile; fileRef = 67C8E9D1299D565700B28440 /* Error1View.swift */; };
		67C8E9D4299D566B00B28440 /* Empty1View.swift in Sources */ = {isa = PBXBuildFile; fileRef = 67C8E9D3299D566B00B28440 /* Empty1View.swift */; };
		67C8E9E1299D5CBD00B28440 /* Loading1View.swift in Sources */ = {isa = PBXBuildFile; fileRef = 67C8E9E0299D5CBD00B28440 /* Loading1View.swift */; };
		67C8E9E5299D6ECF00B28440 /* UserDefaults+Extensions.swift in Sources */ = {isa = PBXBuildFile; fileRef = 67C8E9E4299D6ECF00B28440 /* UserDefaults+Extensions.swift */; };
		67C8E9E7299D759D00B28440 /* CommonStrings.swift in Sources */ = {isa = PBXBuildFile; fileRef = 67C8E9E6299D759D00B28440 /* CommonStrings.swift */; };
		67C8E9E9299D7CC500B28440 /* Notification+Extensions.swift in Sources */ = {isa = PBXBuildFile; fileRef = 67C8E9E8299D7CC500B28440 /* Notification+Extensions.swift */; };
		67C8E9EB299D935B00B28440 /* UITabBar+Theme.swift in Sources */ = {isa = PBXBuildFile; fileRef = 67C8E9EA299D935B00B28440 /* UITabBar+Theme.swift */; };
		67C8E9ED299D938800B28440 /* UITabBarAppearance+Extensions.swift in Sources */ = {isa = PBXBuildFile; fileRef = 67C8E9EC299D938800B28440 /* UITabBarAppearance+Extensions.swift */; };
		67F09EE1299D39D700DF9AD1 /* AppViewController.swift in Sources */ = {isa = PBXBuildFile; fileRef = 67F09EE0299D39D700DF9AD1 /* AppViewController.swift */; };
/* End PBXBuildFile section */

/* Begin PBXFileReference section */
		6751A42C299DDB07008D120F /* Feature1View.swift */ = {isa = PBXFileReference; fileEncoding = 4; lastKnownFileType = sourcecode.swift; path = Feature1View.swift; sourceTree = "<group>"; };
		6751A42D299DDB07008D120F /* Feature1ItemViewModel.swift */ = {isa = PBXFileReference; fileEncoding = 4; lastKnownFileType = sourcecode.swift; path = Feature1ItemViewModel.swift; sourceTree = "<group>"; };
		6751A42E299DDB07008D120F /* Feature1ViewController.swift */ = {isa = PBXFileReference; fileEncoding = 4; lastKnownFileType = sourcecode.swift; path = Feature1ViewController.swift; sourceTree = "<group>"; };
		6751A42F299DDB07008D120F /* Feature1ViewModel.swift */ = {isa = PBXFileReference; fileEncoding = 4; lastKnownFileType = sourcecode.swift; path = Feature1ViewModel.swift; sourceTree = "<group>"; };
		6751A434299DDB11008D120F /* FeatureFetcher.swift */ = {isa = PBXFileReference; fileEncoding = 4; lastKnownFileType = sourcecode.swift; path = FeatureFetcher.swift; sourceTree = "<group>"; };
		6751A435299DDB11008D120F /* FeatureStartViewController.swift */ = {isa = PBXFileReference; fileEncoding = 4; lastKnownFileType = sourcecode.swift; path = FeatureStartViewController.swift; sourceTree = "<group>"; };
		6751A438299DDCE3008D120F /* ThemeableNavigationController.swift */ = {isa = PBXFileReference; lastKnownFileType = sourcecode.swift; path = ThemeableNavigationController.swift; sourceTree = "<group>"; };
		6751A43A299DDD88008D120F /* UINavigationBarAppearance+Extensions.swift */ = {isa = PBXFileReference; lastKnownFileType = sourcecode.swift; path = "UINavigationBarAppearance+Extensions.swift"; sourceTree = "<group>"; };
		6751A43E299DE54C008D120F /* Feature2View.swift */ = {isa = PBXFileReference; lastKnownFileType = sourcecode.swift; path = Feature2View.swift; sourceTree = "<group>"; };
		6751A440299DE5B6008D120F /* Feature2HostingController.swift */ = {isa = PBXFileReference; lastKnownFileType = sourcecode.swift; path = Feature2HostingController.swift; sourceTree = "<group>"; };
		6751A442299DE757008D120F /* NavigationBarHidingHostingViewController.swift */ = {isa = PBXFileReference; lastKnownFileType = sourcecode.swift; path = NavigationBarHidingHostingViewController.swift; sourceTree = "<group>"; };
		6751A444299DF109008D120F /* Data2View.swift */ = {isa = PBXFileReference; lastKnownFileType = sourcecode.swift; path = Data2View.swift; sourceTree = "<group>"; };
		6751A446299DF163008D120F /* Error2View.swift */ = {isa = PBXFileReference; lastKnownFileType = sourcecode.swift; path = Error2View.swift; sourceTree = "<group>"; };
		6751A448299DF19C008D120F /* Empty2View.swift */ = {isa = PBXFileReference; lastKnownFileType = sourcecode.swift; path = Empty2View.swift; sourceTree = "<group>"; };
		6751A44A299DF1DA008D120F /* Loading2View.swift */ = {isa = PBXFileReference; lastKnownFileType = sourcecode.swift; path = Loading2View.swift; sourceTree = "<group>"; };
		6771E7AA299C00050012002D /* Demo.app */ = {isa = PBXFileReference; explicitFileType = wrapper.application; includeInIndex = 0; path = Demo.app; sourceTree = BUILT_PRODUCTS_DIR; };
		6771E7AD299C00050012002D /* AppDelegate.swift */ = {isa = PBXFileReference; lastKnownFileType = sourcecode.swift; path = AppDelegate.swift; sourceTree = "<group>"; };
		6771E7AF299C00050012002D /* SceneDelegate.swift */ = {isa = PBXFileReference; lastKnownFileType = sourcecode.swift; path = SceneDelegate.swift; sourceTree = "<group>"; };
		6771E7B6299C00060012002D /* Assets.xcassets */ = {isa = PBXFileReference; lastKnownFileType = folder.assetcatalog; path = Assets.xcassets; sourceTree = "<group>"; };
		6771E7B9299C00060012002D /* Base */ = {isa = PBXFileReference; lastKnownFileType = file.storyboard; name = Base; path = Base.lproj/LaunchScreen.storyboard; sourceTree = "<group>"; };
		6771E7BB299C00060012002D /* Info.plist */ = {isa = PBXFileReference; lastKnownFileType = text.plist.xml; path = Info.plist; sourceTree = "<group>"; };
		6771E7C1299C004C0012002D /* wikipedia-ios-ui-components */ = {isa = PBXFileReference; lastKnownFileType = wrapper; name = "wikipedia-ios-ui-components"; path = ..; sourceTree = "<group>"; };
		67C8E9CD299D3E4500B28440 /* SettingsViewController.swift */ = {isa = PBXFileReference; lastKnownFileType = sourcecode.swift; path = SettingsViewController.swift; sourceTree = "<group>"; };
		67C8E9CF299D563400B28440 /* Data1View.swift */ = {isa = PBXFileReference; lastKnownFileType = sourcecode.swift; path = Data1View.swift; sourceTree = "<group>"; };
		67C8E9D1299D565700B28440 /* Error1View.swift */ = {isa = PBXFileReference; lastKnownFileType = sourcecode.swift; path = Error1View.swift; sourceTree = "<group>"; };
		67C8E9D3299D566B00B28440 /* Empty1View.swift */ = {isa = PBXFileReference; lastKnownFileType = sourcecode.swift; path = Empty1View.swift; sourceTree = "<group>"; };
		67C8E9E0299D5CBD00B28440 /* Loading1View.swift */ = {isa = PBXFileReference; lastKnownFileType = sourcecode.swift; path = Loading1View.swift; sourceTree = "<group>"; };
		67C8E9E4299D6ECF00B28440 /* UserDefaults+Extensions.swift */ = {isa = PBXFileReference; lastKnownFileType = sourcecode.swift; name = "UserDefaults+Extensions.swift"; path = "Demo/UserDefaults+Extensions.swift"; sourceTree = SOURCE_ROOT; };
		67C8E9E6299D759D00B28440 /* CommonStrings.swift */ = {isa = PBXFileReference; lastKnownFileType = sourcecode.swift; path = CommonStrings.swift; sourceTree = "<group>"; };
		67C8E9E8299D7CC500B28440 /* Notification+Extensions.swift */ = {isa = PBXFileReference; lastKnownFileType = sourcecode.swift; path = "Notification+Extensions.swift"; sourceTree = "<group>"; };
		67C8E9EA299D935B00B28440 /* UITabBar+Theme.swift */ = {isa = PBXFileReference; lastKnownFileType = sourcecode.swift; path = "UITabBar+Theme.swift"; sourceTree = "<group>"; };
		67C8E9EC299D938800B28440 /* UITabBarAppearance+Extensions.swift */ = {isa = PBXFileReference; lastKnownFileType = sourcecode.swift; path = "UITabBarAppearance+Extensions.swift"; sourceTree = "<group>"; };
		67F09EE0299D39D700DF9AD1 /* AppViewController.swift */ = {isa = PBXFileReference; lastKnownFileType = sourcecode.swift; path = AppViewController.swift; sourceTree = "<group>"; };
/* End PBXFileReference section */

/* Begin PBXFrameworksBuildPhase section */
		6771E7A7299C00050012002D /* Frameworks */ = {
			isa = PBXFrameworksBuildPhase;
			buildActionMask = 2147483647;
			files = (
				6771E7C4299C007A0012002D /* UIComponents in Frameworks */,
			);
			runOnlyForDeploymentPostprocessing = 0;
		};
/* End PBXFrameworksBuildPhase section */

/* Begin PBXGroup section */
		6751A429299DDAA7008D120F /* Feature */ = {
			isa = PBXGroup;
			children = (
				6751A434299DDB11008D120F /* FeatureFetcher.swift */,
				6751A435299DDB11008D120F /* FeatureStartViewController.swift */,
				6751A42A299DDAA7008D120F /* Feature1 (UIKit) */,
				6751A42B299DDAA7008D120F /* Feature2 (SwiftUI) */,
			);
			path = Feature;
			sourceTree = "<group>";
		};
		6751A42A299DDAA7008D120F /* Feature1 (UIKit) */ = {
			isa = PBXGroup;
			children = (
				6751A42D299DDB07008D120F /* Feature1ItemViewModel.swift */,
				6751A42C299DDB07008D120F /* Feature1View.swift */,
				6751A42E299DDB07008D120F /* Feature1ViewController.swift */,
				6751A42F299DDB07008D120F /* Feature1ViewModel.swift */,
			);
			path = "Feature1 (UIKit)";
			sourceTree = "<group>";
		};
		6751A42B299DDAA7008D120F /* Feature2 (SwiftUI) */ = {
			isa = PBXGroup;
			children = (
				6751A43E299DE54C008D120F /* Feature2View.swift */,
				6751A440299DE5B6008D120F /* Feature2HostingController.swift */,
			);
			path = "Feature2 (SwiftUI)";
			sourceTree = "<group>";
		};
		6771E7A1299C00050012002D = {
			isa = PBXGroup;
			children = (
				6771E7C1299C004C0012002D /* wikipedia-ios-ui-components */,
				6771E7AC299C00050012002D /* Demo */,
				6771E7AB299C00050012002D /* Products */,
				6771E7C2299C007A0012002D /* Frameworks */,
			);
			sourceTree = "<group>";
		};
		6771E7AB299C00050012002D /* Products */ = {
			isa = PBXGroup;
			children = (
				6771E7AA299C00050012002D /* Demo.app */,
			);
			name = Products;
			sourceTree = "<group>";
		};
		6771E7AC299C00050012002D /* Demo */ = {
			isa = PBXGroup;
			children = (
				6771E7AD299C00050012002D /* AppDelegate.swift */,
				6771E7AF299C00050012002D /* SceneDelegate.swift */,
				67F09EE0299D39D700DF9AD1 /* AppViewController.swift */,
				6751A429299DDAA7008D120F /* Feature */,
				67C8E9CD299D3E4500B28440 /* SettingsViewController.swift */,
				67C8E9E4299D6ECF00B28440 /* UserDefaults+Extensions.swift */,
				67C8E9E8299D7CC500B28440 /* Notification+Extensions.swift */,
				67C8E9E6299D759D00B28440 /* CommonStrings.swift */,
				67C8E9D8299D56E700B28440 /* Potentially Reusable UI Components */,
				6771E7B6299C00060012002D /* Assets.xcassets */,
				6771E7B8299C00060012002D /* LaunchScreen.storyboard */,
				6771E7BB299C00060012002D /* Info.plist */,
			);
			path = Demo;
			sourceTree = "<group>";
		};
		6771E7C2299C007A0012002D /* Frameworks */ = {
			isa = PBXGroup;
			children = (
			);
			name = Frameworks;
			sourceTree = "<group>";
		};
		67C8E9D8299D56E700B28440 /* Potentially Reusable UI Components */ = {
			isa = PBXGroup;
			children = (
				67C8E9EA299D935B00B28440 /* UITabBar+Theme.swift */,
				67C8E9EC299D938800B28440 /* UITabBarAppearance+Extensions.swift */,
				6751A43A299DDD88008D120F /* UINavigationBarAppearance+Extensions.swift */,
				6751A438299DDCE3008D120F /* ThemeableNavigationController.swift */,
				67C8E9CF299D563400B28440 /* Data1View.swift */,
				6751A444299DF109008D120F /* Data2View.swift */,
				67C8E9D1299D565700B28440 /* Error1View.swift */,
				6751A446299DF163008D120F /* Error2View.swift */,
				67C8E9D3299D566B00B28440 /* Empty1View.swift */,
				6751A448299DF19C008D120F /* Empty2View.swift */,
				67C8E9E0299D5CBD00B28440 /* Loading1View.swift */,
				6751A44A299DF1DA008D120F /* Loading2View.swift */,
				6751A442299DE757008D120F /* NavigationBarHidingHostingViewController.swift */,
			);
			path = "Potentially Reusable UI Components";
			sourceTree = "<group>";
		};
/* End PBXGroup section */

/* Begin PBXNativeTarget section */
		6771E7A9299C00050012002D /* Demo */ = {
			isa = PBXNativeTarget;
			buildConfigurationList = 6771E7BE299C00060012002D /* Build configuration list for PBXNativeTarget "Demo" */;
			buildPhases = (
				6771E7A6299C00050012002D /* Sources */,
				6771E7A7299C00050012002D /* Frameworks */,
				6771E7A8299C00050012002D /* Resources */,
			);
			buildRules = (
			);
			dependencies = (
			);
			name = Demo;
			packageProductDependencies = (
				6771E7C3299C007A0012002D /* UIComponents */,
			);
			productName = Demo;
			productReference = 6771E7AA299C00050012002D /* Demo.app */;
			productType = "com.apple.product-type.application";
		};
/* End PBXNativeTarget section */

/* Begin PBXProject section */
		6771E7A2299C00050012002D /* Project object */ = {
			isa = PBXProject;
			attributes = {
				BuildIndependentTargetsInParallel = 1;
				LastSwiftUpdateCheck = 1420;
				LastUpgradeCheck = 1420;
				TargetAttributes = {
					6771E7A9299C00050012002D = {
						CreatedOnToolsVersion = 14.2;
					};
				};
			};
			buildConfigurationList = 6771E7A5299C00050012002D /* Build configuration list for PBXProject "Demo" */;
			compatibilityVersion = "Xcode 14.0";
			developmentRegion = en;
			hasScannedForEncodings = 0;
			knownRegions = (
				en,
				Base,
			);
			mainGroup = 6771E7A1299C00050012002D;
			productRefGroup = 6771E7AB299C00050012002D /* Products */;
			projectDirPath = "";
			projectRoot = "";
			targets = (
				6771E7A9299C00050012002D /* Demo */,
			);
		};
/* End PBXProject section */

/* Begin PBXResourcesBuildPhase section */
		6771E7A8299C00050012002D /* Resources */ = {
			isa = PBXResourcesBuildPhase;
			buildActionMask = 2147483647;
			files = (
				6771E7BA299C00060012002D /* LaunchScreen.storyboard in Resources */,
				6771E7B7299C00060012002D /* Assets.xcassets in Resources */,
			);
			runOnlyForDeploymentPostprocessing = 0;
		};
/* End PBXResourcesBuildPhase section */

/* Begin PBXSourcesBuildPhase section */
		6771E7A6299C00050012002D /* Sources */ = {
			isa = PBXSourcesBuildPhase;
			buildActionMask = 2147483647;
			files = (
				67C8E9D0299D563400B28440 /* Data1View.swift in Sources */,
				67C8E9CE299D3E4500B28440 /* SettingsViewController.swift in Sources */,
				67C8E9EB299D935B00B28440 /* UITabBar+Theme.swift in Sources */,
				6751A432299DDB07008D120F /* Feature1ViewController.swift in Sources */,
				6771E7AE299C00050012002D /* AppDelegate.swift in Sources */,
				67C8E9E5299D6ECF00B28440 /* UserDefaults+Extensions.swift in Sources */,
				6751A447299DF163008D120F /* Error2View.swift in Sources */,
				6751A445299DF109008D120F /* Data2View.swift in Sources */,
				67C8E9D4299D566B00B28440 /* Empty1View.swift in Sources */,
				67C8E9D2299D565700B28440 /* Error1View.swift in Sources */,
				6751A441299DE5B6008D120F /* Feature2HostingController.swift in Sources */,
				6751A436299DDB11008D120F /* FeatureFetcher.swift in Sources */,
				6751A433299DDB07008D120F /* Feature1ViewModel.swift in Sources */,
				6751A430299DDB07008D120F /* Feature1View.swift in Sources */,
				6751A443299DE757008D120F /* NavigationBarHidingHostingViewController.swift in Sources */,
				6751A43B299DDD88008D120F /* UINavigationBarAppearance+Extensions.swift in Sources */,
				67C8E9E9299D7CC500B28440 /* Notification+Extensions.swift in Sources */,
				6751A431299DDB07008D120F /* Feature1ItemViewModel.swift in Sources */,
				67F09EE1299D39D700DF9AD1 /* AppViewController.swift in Sources */,
				67C8E9ED299D938800B28440 /* UITabBarAppearance+Extensions.swift in Sources */,
				6751A44B299DF1DA008D120F /* Loading2View.swift in Sources */,
				67C8E9E7299D759D00B28440 /* CommonStrings.swift in Sources */,
				6771E7B0299C00050012002D /* SceneDelegate.swift in Sources */,
				6751A439299DDCE3008D120F /* ThemeableNavigationController.swift in Sources */,
				67C8E9E1299D5CBD00B28440 /* Loading1View.swift in Sources */,
				6751A449299DF19C008D120F /* Empty2View.swift in Sources */,
				6751A43F299DE54C008D120F /* Feature2View.swift in Sources */,
				6751A437299DDB11008D120F /* FeatureStartViewController.swift in Sources */,
			);
			runOnlyForDeploymentPostprocessing = 0;
		};
/* End PBXSourcesBuildPhase section */

/* Begin PBXVariantGroup section */
		6771E7B8299C00060012002D /* LaunchScreen.storyboard */ = {
			isa = PBXVariantGroup;
			children = (
				6771E7B9299C00060012002D /* Base */,
			);
			name = LaunchScreen.storyboard;
			sourceTree = "<group>";
		};
/* End PBXVariantGroup section */

/* Begin XCBuildConfiguration section */
		6771E7BC299C00060012002D /* Debug */ = {
			isa = XCBuildConfiguration;
			buildSettings = {
				ALWAYS_SEARCH_USER_PATHS = NO;
				CLANG_ANALYZER_NONNULL = YES;
				CLANG_ANALYZER_NUMBER_OBJECT_CONVERSION = YES_AGGRESSIVE;
				CLANG_CXX_LANGUAGE_STANDARD = "gnu++20";
				CLANG_ENABLE_MODULES = YES;
				CLANG_ENABLE_OBJC_ARC = YES;
				CLANG_ENABLE_OBJC_WEAK = YES;
				CLANG_WARN_BLOCK_CAPTURE_AUTORELEASING = YES;
				CLANG_WARN_BOOL_CONVERSION = YES;
				CLANG_WARN_COMMA = YES;
				CLANG_WARN_CONSTANT_CONVERSION = YES;
				CLANG_WARN_DEPRECATED_OBJC_IMPLEMENTATIONS = YES;
				CLANG_WARN_DIRECT_OBJC_ISA_USAGE = YES_ERROR;
				CLANG_WARN_DOCUMENTATION_COMMENTS = YES;
				CLANG_WARN_EMPTY_BODY = YES;
				CLANG_WARN_ENUM_CONVERSION = YES;
				CLANG_WARN_INFINITE_RECURSION = YES;
				CLANG_WARN_INT_CONVERSION = YES;
				CLANG_WARN_NON_LITERAL_NULL_CONVERSION = YES;
				CLANG_WARN_OBJC_IMPLICIT_RETAIN_SELF = YES;
				CLANG_WARN_OBJC_LITERAL_CONVERSION = YES;
				CLANG_WARN_OBJC_ROOT_CLASS = YES_ERROR;
				CLANG_WARN_QUOTED_INCLUDE_IN_FRAMEWORK_HEADER = YES;
				CLANG_WARN_RANGE_LOOP_ANALYSIS = YES;
				CLANG_WARN_STRICT_PROTOTYPES = YES;
				CLANG_WARN_SUSPICIOUS_MOVE = YES;
				CLANG_WARN_UNGUARDED_AVAILABILITY = YES_AGGRESSIVE;
				CLANG_WARN_UNREACHABLE_CODE = YES;
				CLANG_WARN__DUPLICATE_METHOD_MATCH = YES;
				COPY_PHASE_STRIP = NO;
				DEBUG_INFORMATION_FORMAT = dwarf;
				ENABLE_STRICT_OBJC_MSGSEND = YES;
				ENABLE_TESTABILITY = YES;
				GCC_C_LANGUAGE_STANDARD = gnu11;
				GCC_DYNAMIC_NO_PIC = NO;
				GCC_NO_COMMON_BLOCKS = YES;
				GCC_OPTIMIZATION_LEVEL = 0;
				GCC_PREPROCESSOR_DEFINITIONS = (
					"DEBUG=1",
					"$(inherited)",
				);
				GCC_WARN_64_TO_32_BIT_CONVERSION = YES;
				GCC_WARN_ABOUT_RETURN_TYPE = YES_ERROR;
				GCC_WARN_UNDECLARED_SELECTOR = YES;
				GCC_WARN_UNINITIALIZED_AUTOS = YES_AGGRESSIVE;
				GCC_WARN_UNUSED_FUNCTION = YES;
				GCC_WARN_UNUSED_VARIABLE = YES;
				IPHONEOS_DEPLOYMENT_TARGET = 14.0;
				MTL_ENABLE_DEBUG_INFO = INCLUDE_SOURCE;
				MTL_FAST_MATH = YES;
				ONLY_ACTIVE_ARCH = YES;
				SDKROOT = iphoneos;
				SWIFT_ACTIVE_COMPILATION_CONDITIONS = DEBUG;
				SWIFT_OPTIMIZATION_LEVEL = "-Onone";
			};
			name = Debug;
		};
		6771E7BD299C00060012002D /* Release */ = {
			isa = XCBuildConfiguration;
			buildSettings = {
				ALWAYS_SEARCH_USER_PATHS = NO;
				CLANG_ANALYZER_NONNULL = YES;
				CLANG_ANALYZER_NUMBER_OBJECT_CONVERSION = YES_AGGRESSIVE;
				CLANG_CXX_LANGUAGE_STANDARD = "gnu++20";
				CLANG_ENABLE_MODULES = YES;
				CLANG_ENABLE_OBJC_ARC = YES;
				CLANG_ENABLE_OBJC_WEAK = YES;
				CLANG_WARN_BLOCK_CAPTURE_AUTORELEASING = YES;
				CLANG_WARN_BOOL_CONVERSION = YES;
				CLANG_WARN_COMMA = YES;
				CLANG_WARN_CONSTANT_CONVERSION = YES;
				CLANG_WARN_DEPRECATED_OBJC_IMPLEMENTATIONS = YES;
				CLANG_WARN_DIRECT_OBJC_ISA_USAGE = YES_ERROR;
				CLANG_WARN_DOCUMENTATION_COMMENTS = YES;
				CLANG_WARN_EMPTY_BODY = YES;
				CLANG_WARN_ENUM_CONVERSION = YES;
				CLANG_WARN_INFINITE_RECURSION = YES;
				CLANG_WARN_INT_CONVERSION = YES;
				CLANG_WARN_NON_LITERAL_NULL_CONVERSION = YES;
				CLANG_WARN_OBJC_IMPLICIT_RETAIN_SELF = YES;
				CLANG_WARN_OBJC_LITERAL_CONVERSION = YES;
				CLANG_WARN_OBJC_ROOT_CLASS = YES_ERROR;
				CLANG_WARN_QUOTED_INCLUDE_IN_FRAMEWORK_HEADER = YES;
				CLANG_WARN_RANGE_LOOP_ANALYSIS = YES;
				CLANG_WARN_STRICT_PROTOTYPES = YES;
				CLANG_WARN_SUSPICIOUS_MOVE = YES;
				CLANG_WARN_UNGUARDED_AVAILABILITY = YES_AGGRESSIVE;
				CLANG_WARN_UNREACHABLE_CODE = YES;
				CLANG_WARN__DUPLICATE_METHOD_MATCH = YES;
				COPY_PHASE_STRIP = NO;
				DEBUG_INFORMATION_FORMAT = "dwarf-with-dsym";
				ENABLE_NS_ASSERTIONS = NO;
				ENABLE_STRICT_OBJC_MSGSEND = YES;
				GCC_C_LANGUAGE_STANDARD = gnu11;
				GCC_NO_COMMON_BLOCKS = YES;
				GCC_WARN_64_TO_32_BIT_CONVERSION = YES;
				GCC_WARN_ABOUT_RETURN_TYPE = YES_ERROR;
				GCC_WARN_UNDECLARED_SELECTOR = YES;
				GCC_WARN_UNINITIALIZED_AUTOS = YES_AGGRESSIVE;
				GCC_WARN_UNUSED_FUNCTION = YES;
				GCC_WARN_UNUSED_VARIABLE = YES;
				IPHONEOS_DEPLOYMENT_TARGET = 14.0;
				MTL_ENABLE_DEBUG_INFO = NO;
				MTL_FAST_MATH = YES;
				SDKROOT = iphoneos;
				SWIFT_COMPILATION_MODE = wholemodule;
				SWIFT_OPTIMIZATION_LEVEL = "-O";
				VALIDATE_PRODUCT = YES;
			};
			name = Release;
		};
		6771E7BF299C00060012002D /* Debug */ = {
			isa = XCBuildConfiguration;
			buildSettings = {
				ASSETCATALOG_COMPILER_APPICON_NAME = AppIcon;
				ASSETCATALOG_COMPILER_GLOBAL_ACCENT_COLOR_NAME = AccentColor;
				CODE_SIGN_STYLE = Automatic;
				CURRENT_PROJECT_VERSION = 1;
				DEVELOPMENT_TEAM = AKK7J2GV64;
				GENERATE_INFOPLIST_FILE = YES;
				INFOPLIST_FILE = Demo/Info.plist;
				INFOPLIST_KEY_UIApplicationSupportsIndirectInputEvents = YES;
				INFOPLIST_KEY_UILaunchStoryboardName = LaunchScreen;
				INFOPLIST_KEY_UIMainStoryboardFile = "";
				INFOPLIST_KEY_UISupportedInterfaceOrientations_iPad = "UIInterfaceOrientationPortrait UIInterfaceOrientationPortraitUpsideDown UIInterfaceOrientationLandscapeLeft UIInterfaceOrientationLandscapeRight";
				INFOPLIST_KEY_UISupportedInterfaceOrientations_iPhone = "UIInterfaceOrientationPortrait UIInterfaceOrientationLandscapeLeft UIInterfaceOrientationLandscapeRight";
				IPHONEOS_DEPLOYMENT_TARGET = 14.0;
				LD_RUNPATH_SEARCH_PATHS = (
					"$(inherited)",
					"@executable_path/Frameworks",
				);
				MARKETING_VERSION = 1.0;
				PRODUCT_BUNDLE_IDENTIFIER = org.wikimedia.wikipedia.uicomponents.Demo;
				PRODUCT_NAME = "$(TARGET_NAME)";
				SUPPORTED_PLATFORMS = "iphoneos iphonesimulator";
				SUPPORTS_MACCATALYST = NO;
				SUPPORTS_MAC_DESIGNED_FOR_IPHONE_IPAD = NO;
				SWIFT_EMIT_LOC_STRINGS = YES;
				SWIFT_VERSION = 5.0;
				TARGETED_DEVICE_FAMILY = "1,2";
			};
			name = Debug;
		};
		6771E7C0299C00060012002D /* Release */ = {
			isa = XCBuildConfiguration;
			buildSettings = {
				ASSETCATALOG_COMPILER_APPICON_NAME = AppIcon;
				ASSETCATALOG_COMPILER_GLOBAL_ACCENT_COLOR_NAME = AccentColor;
				CODE_SIGN_STYLE = Automatic;
				CURRENT_PROJECT_VERSION = 1;
				DEVELOPMENT_TEAM = AKK7J2GV64;
				GENERATE_INFOPLIST_FILE = YES;
				INFOPLIST_FILE = Demo/Info.plist;
				INFOPLIST_KEY_UIApplicationSupportsIndirectInputEvents = YES;
				INFOPLIST_KEY_UILaunchStoryboardName = LaunchScreen;
				INFOPLIST_KEY_UIMainStoryboardFile = "";
				INFOPLIST_KEY_UISupportedInterfaceOrientations_iPad = "UIInterfaceOrientationPortrait UIInterfaceOrientationPortraitUpsideDown UIInterfaceOrientationLandscapeLeft UIInterfaceOrientationLandscapeRight";
				INFOPLIST_KEY_UISupportedInterfaceOrientations_iPhone = "UIInterfaceOrientationPortrait UIInterfaceOrientationLandscapeLeft UIInterfaceOrientationLandscapeRight";
				IPHONEOS_DEPLOYMENT_TARGET = 14.0;
				LD_RUNPATH_SEARCH_PATHS = (
					"$(inherited)",
					"@executable_path/Frameworks",
				);
				MARKETING_VERSION = 1.0;
				PRODUCT_BUNDLE_IDENTIFIER = org.wikimedia.wikipedia.uicomponents.Demo;
				PRODUCT_NAME = "$(TARGET_NAME)";
				SUPPORTED_PLATFORMS = "iphoneos iphonesimulator";
				SUPPORTS_MACCATALYST = NO;
				SUPPORTS_MAC_DESIGNED_FOR_IPHONE_IPAD = NO;
				SWIFT_EMIT_LOC_STRINGS = YES;
				SWIFT_VERSION = 5.0;
				TARGETED_DEVICE_FAMILY = "1,2";
			};
			name = Release;
		};
/* End XCBuildConfiguration section */

/* Begin XCConfigurationList section */
		6771E7A5299C00050012002D /* Build configuration list for PBXProject "Demo" */ = {
			isa = XCConfigurationList;
			buildConfigurations = (
				6771E7BC299C00060012002D /* Debug */,
				6771E7BD299C00060012002D /* Release */,
			);
			defaultConfigurationIsVisible = 0;
			defaultConfigurationName = Release;
		};
		6771E7BE299C00060012002D /* Build configuration list for PBXNativeTarget "Demo" */ = {
			isa = XCConfigurationList;
			buildConfigurations = (
				6771E7BF299C00060012002D /* Debug */,
				6771E7C0299C00060012002D /* Release */,
			);
			defaultConfigurationIsVisible = 0;
			defaultConfigurationName = Release;
		};
/* End XCConfigurationList section */

/* Begin XCSwiftPackageProductDependency section */
		6771E7C3299C007A0012002D /* UIComponents */ = {
			isa = XCSwiftPackageProductDependency;
			productName = UIComponents;
		};
/* End XCSwiftPackageProductDependency section */
	};
	rootObject = 6771E7A2299C00050012002D /* Project object */;
}
